
Microsoft Visual Studio Solution File, Format Version 12.00
# Visual Studio Version 17
VisualStudioVersion = 17.9.34728.123
MinimumVisualStudioVersion = 10.0.40219.1
Project("{FAE04EC0-301F-11D3-BF4B-00C04F79EFBC}") = "MyLoginApp", "MyLoginApp\MyLoginApp.csproj", "{F7F4A71A-E0E9-47D0-B310-FE53807EC969}"
EndProject
Global
	GlobalSection(SolutionConfigurationPlatforms) = preSolution
		Debug|Any CPU = Debug|Any CPU
		Release|Any CPU = Release|Any CPU
	EndGlobalSection
	GlobalSection(ProjectConfigurationPlatforms) = postSolution
		{F7F4A71A-E0E9-47D0-B310-FE53807EC969}.Debug|Any CPU.ActiveCfg = Debug|Any CPU
		{F7F4A71A-E0E9-47D0-B310-FE53807EC969}.Debug|Any CPU.Build.0 = Debug|Any CPU
		{F7F4A71A-E0E9-47D0-B310-FE53807EC969}.Debug|Any CPU.Deploy.0 = Debug|Any CPU
		{F7F4A71A-E0E9-47D0-B310-FE53807EC969}.Release|Any CPU.ActiveCfg = Release|Any CPU
		{F7F4A71A-E0E9-47D0-B310-FE53807EC969}.Release|Any CPU.Build.0 = Release|Any CPU
		{F7F4A71A-E0E9-47D0-B310-FE53807EC969}.Release|Any CPU.Deploy.0 = Release|Any CPU
	EndGlobalSection
	GlobalSection(SolutionProperties) = preSolution
		HideSolutionNode = FALSE
	EndGlobalSection
	GlobalSection(ExtensibilityGlobals) = postSolution
		SolutionGuid = {6159F926-69C9-4068-8570-D8104BB95C46}
	EndGlobalSection
EndGlobal
